
Microsoft Visual Studio Solution File, Format Version 12.00
# Visual Studio Version 17
VisualStudioVersion = 17.0.31903.59
MinimumVisualStudioVersion = 10.0.40219.1
Project("{FAE04EC0-301F-11D3-BF4B-00C04F79EFBC}") = "Accounting.Domain", "Accounting.Domain\Accounting.Domain.csproj", "{5140600E-D19D-4D69-8AA8-45A2973CEF47}"
EndProject
Project("{FAE04EC0-301F-11D3-BF4B-00C04F79EFBC}") = "Accounting.Infrastructure", "Accounting.Infrastructure\Accounting.Infrastructure.csproj", "{75C14DF1-4BF6-4553-A1E5-BC350A86B61E}"
EndProject
Project("{FAE04EC0-301F-11D3-BF4B-00C04F79EFBC}") = "Accounting.Api", "Accounting.Api\Accounting.Api.csproj", "{09CC0B10-E1F8-43E1-97F1-D8687FFB0753}"
EndProject
Global
	GlobalSection(SolutionConfigurationPlatforms) = preSolution
		Debug|Any CPU = Debug|Any CPU
		Release|Any CPU = Release|Any CPU
	EndGlobalSection
	GlobalSection(SolutionProperties) = preSolution
		HideSolutionNode = FALSE
	EndGlobalSection
	GlobalSection(ProjectConfigurationPlatforms) = postSolution
		{5140600E-D19D-4D69-8AA8-45A2973CEF47}.Debug|Any CPU.ActiveCfg = Debug|Any CPU
		{5140600E-D19D-4D69-8AA8-45A2973CEF47}.Debug|Any CPU.Build.0 = Debug|Any CPU
		{5140600E-D19D-4D69-8AA8-45A2973CEF47}.Release|Any CPU.ActiveCfg = Release|Any CPU
		{5140600E-D19D-4D69-8AA8-45A2973CEF47}.Release|Any CPU.Build.0 = Release|Any CPU
		{75C14DF1-4BF6-4553-A1E5-BC350A86B61E}.Debug|Any CPU.ActiveCfg = Debug|Any CPU
		{75C14DF1-4BF6-4553-A1E5-BC350A86B61E}.Debug|Any CPU.Build.0 = Debug|Any CPU
		{75C14DF1-4BF6-4553-A1E5-BC350A86B61E}.Release|Any CPU.ActiveCfg = Release|Any CPU
		{75C14DF1-4BF6-4553-A1E5-BC350A86B61E}.Release|Any CPU.Build.0 = Release|Any CPU
		{09CC0B10-E1F8-43E1-97F1-D8687FFB0753}.Debug|Any CPU.ActiveCfg = Debug|Any CPU
		{09CC0B10-E1F8-43E1-97F1-D8687FFB0753}.Debug|Any CPU.Build.0 = Debug|Any CPU
		{09CC0B10-E1F8-43E1-97F1-D8687FFB0753}.Release|Any CPU.ActiveCfg = Release|Any CPU
		{09CC0B10-E1F8-43E1-97F1-D8687FFB0753}.Release|Any CPU.Build.0 = Release|Any CPU
	EndGlobalSection
EndGlobal
